
Microsoft Visual Studio Solution File, Format Version 12.00
# Visual Studio Version 17
VisualStudioVersion = 17.5.002.0
MinimumVisualStudioVersion = 10.0.40219.1
Project("{9A19103F-16F7-4668-BE54-9A1E7A4F7556}") = "Bachelor-project-Ludvig-Pierre", "Bachelor-project-Ludvig-Pierre.csproj", "{B465C1BE-7581-4FBD-B03B-396396365A61}"
EndProject
Global
	GlobalSection(SolutionConfigurationPlatforms) = preSolution
		Debug|Any CPU = Debug|Any CPU
		Release|Any CPU = Release|Any CPU
	EndGlobalSection
	GlobalSection(ProjectConfigurationPlatforms) = postSolution
		{B465C1BE-7581-4FBD-B03B-396396365A61}.Debug|Any CPU.ActiveCfg = Debug|Any CPU
		{B465C1BE-7581-4FBD-B03B-396396365A61}.Debug|Any CPU.Build.0 = Debug|Any CPU
		{B465C1BE-7581-4FBD-B03B-396396365A61}.Release|Any CPU.ActiveCfg = Release|Any CPU
		{B465C1BE-7581-4FBD-B03B-396396365A61}.Release|Any CPU.Build.0 = Release|Any CPU
	EndGlobalSection
	GlobalSection(SolutionProperties) = preSolution
		HideSolutionNode = FALSE
	EndGlobalSection
	GlobalSection(ExtensibilityGlobals) = postSolution
		SolutionGuid = {32D62825-F459-491D-BEC5-0785BB087B19}
	EndGlobalSection
EndGlobal
